<?xml version="1.0" encoding="utf-8"?>
<Project ToolsVersion="4.0" xmlns="http://schemas.microsoft.com/developer/msbuild/2003">
  <ItemGroup>
    <Filter Include="소스 파일">
      <UniqueIdentifier>{4FC737F1-C7A5-4376-A066-2A32D752A2FF}</UniqueIdentifier>
      <Extensions>cpp;c;cc;cxx;c++;cppm;ixx;def;odl;idl;hpj;bat;asm;asmx</Extensions>
    </Filter>
    <Filter Include="리소스 파일">
      <UniqueIdentifier>{67DA6AB6-F800-4c08-8B7A-83BB121AAD01}</UniqueIdentifier>
      <Extensions>rc;ico;cur;bmp;dlg;rc2;rct;bin;rgs;gif;jpg;jpeg;jpe;resx;tiff;tif;png;wav;mfcribbon-ms</Extensions>
    </Filter>
    <Filter Include="소스 파일\_headers">
      <UniqueIdentifier>{9e61a5b4-69f5-4d95-896f-5ddeac1efaca}</UniqueIdentifier>
    </Filter>
    <Filter Include="소스 파일\Engine">
      <UniqueIdentifier>{5c172d0d-6bf4-4c89-b7cc-6d271b91b607}</UniqueIdentifier>
    </Filter>
    <Filter Include="소스 파일\Framework">
      <UniqueIdentifier>{1d10d90b-9ec5-4d94-b975-230a977d2218}</UniqueIdentifier>
    </Filter>
    <Filter Include="소스 파일\__test">
      <UniqueIdentifier>{39720791-075b-4912-9229-ffca145529b7}</UniqueIdentifier>
    </Filter>
    <Filter Include="소스 파일\Graphics">
      <UniqueIdentifier>{919552dd-fe88-4b11-81a1-54e466d31589}</UniqueIdentifier>
    </Filter>
    <Filter Include="소스 파일\Framework\Assimp">
      <UniqueIdentifier>{67477e20-22f0-47d3-a982-103bfb584440}</UniqueIdentifier>
    </Filter>
    <Filter Include="소스 파일\Framework\Component">
      <UniqueIdentifier>{456b6a14-b701-422e-898f-608d1ac98a16}</UniqueIdentifier>
    </Filter>
    <Filter Include="소스 파일\Framework\Object">
      <UniqueIdentifier>{7ec71f56-38e0-42fe-be74-7dbf96c7a5fe}</UniqueIdentifier>
    </Filter>
    <Filter Include="소스 파일\Framework\Collider">
      <UniqueIdentifier>{a135be34-ecad-4837-989e-a384da737399}</UniqueIdentifier>
    </Filter>
  </ItemGroup>
  <ItemGroup>
    <ClCompile Include="pch.cpp">
      <Filter>소스 파일\_headers</Filter>
    </ClCompile>
    <ClCompile Include="GameApp.cpp">
      <Filter>소스 파일\Engine</Filter>
    </ClCompile>
    <ClCompile Include="D3DRenderer.cpp">
      <Filter>소스 파일\Engine</Filter>
    </ClCompile>
    <ClCompile Include="Scene.cpp">
      <Filter>소스 파일\Framework</Filter>
    </ClCompile>
    <ClCompile Include="Game.cpp">
      <Filter>소스 파일\Framework</Filter>
    </ClCompile>
    <ClCompile Include="Transform.cpp">
      <Filter>소스 파일\Framework</Filter>
    </ClCompile>
    <ClCompile Include="main.cpp">
      <Filter>소스 파일\Engine</Filter>
    </ClCompile>
    <ClCompile Include="InputManager.cpp">
      <Filter>소스 파일\Engine</Filter>
    </ClCompile>
    <ClCompile Include="TimeManager.cpp">
      <Filter>소스 파일\Engine</Filter>
    </ClCompile>
    <ClCompile Include="TestScene.cpp">
      <Filter>소스 파일\__test</Filter>
    </ClCompile>
    <ClCompile Include="Camera.cpp">
      <Filter>소스 파일\Framework</Filter>
    </ClCompile>
    <ClCompile Include="VertexBuffer.cpp">
      <Filter>소스 파일\Graphics</Filter>
    </ClCompile>
    <ClCompile Include="ConstantBuffer.cpp">
      <Filter>소스 파일\Graphics</Filter>
    </ClCompile>
    <ClCompile Include="IndexBuffer.cpp">
      <Filter>소스 파일\Graphics</Filter>
    </ClCompile>
    <ClCompile Include="Shader.cpp">
      <Filter>소스 파일\Graphics</Filter>
    </ClCompile>
    <ClCompile Include="Material.cpp">
      <Filter>소스 파일\Framework\Assimp</Filter>
    </ClCompile>
    <ClCompile Include="Mesh.cpp">
      <Filter>소스 파일\Framework\Assimp</Filter>
    </ClCompile>
    <ClCompile Include="Model.cpp">
      <Filter>소스 파일\Framework\Assimp</Filter>
    </ClCompile>
    <ClCompile Include="Node.cpp">
      <Filter>소스 파일\Framework\Assimp</Filter>
    </ClCompile>
    <ClCompile Include="StaticMesh.cpp">
      <Filter>소스 파일\Framework\Assimp</Filter>
    </ClCompile>
    <ClCompile Include="Texture.cpp">
      <Filter>소스 파일\Framework\Assimp</Filter>
    </ClCompile>
    <ClCompile Include="ResourceManager.cpp">
      <Filter>소스 파일\Engine</Filter>
    </ClCompile>
    <ClCompile Include="PhysicsManager.cpp">
      <Filter>소스 파일\Engine</Filter>
    </ClCompile>
    <ClCompile Include="Component.cpp">
      <Filter>소스 파일\Framework\Component</Filter>
    </ClCompile>
    <ClCompile Include="MeshRenderer.cpp">
      <Filter>소스 파일\Framework\Component</Filter>
    </ClCompile>
    <ClCompile Include="Object.cpp">
      <Filter>소스 파일\Framework\Object</Filter>
    </ClCompile>
    <ClCompile Include="BoxCollider.cpp">
      <Filter>소스 파일\Framework\Collider</Filter>
    </ClCompile>
    <ClCompile Include="Collider.cpp">
      <Filter>소스 파일\Framework\Collider</Filter>
    </ClCompile>
    <ClCompile Include="PhysicsEvent.cpp">
      <Filter>소스 파일\Engine</Filter>
    </ClCompile>
    <ClCompile Include="Rigidbody.cpp">
      <Filter>소스 파일\Framework\Collider</Filter>
    </ClCompile>
    <ClCompile Include="PlayerController.cpp">
      <Filter>소스 파일\Framework\Component</Filter>
    </ClCompile>
    <ClCompile Include="ParticleSystem.cpp">
      <Filter>소스 파일\Framework\Component</Filter>
    </ClCompile>
    <ClCompile Include="ParticleRenderer.cpp">
      <Filter>소스 파일\Framework\Component</Filter>
    </ClCompile>
  </ItemGroup>
  <ItemGroup>
    <ClInclude Include="pch.h">
      <Filter>소스 파일\_headers</Filter>
    </ClInclude>
    <ClInclude Include="GameApp.h">
      <Filter>소스 파일\Engine</Filter>
    </ClInclude>
    <ClInclude Include="D3DRenderer.h">
      <Filter>소스 파일\Engine</Filter>
    </ClInclude>
    <ClInclude Include="Scene.h">
      <Filter>소스 파일\Framework</Filter>
    </ClInclude>
    <ClInclude Include="Game.h">
      <Filter>소스 파일\Framework</Filter>
    </ClInclude>
    <ClInclude Include="Transform.h">
      <Filter>소스 파일\Framework</Filter>
    </ClInclude>
    <ClInclude Include="InputManager.h">
      <Filter>소스 파일\Engine</Filter>
    </ClInclude>
    <ClInclude Include="TimeManager.h">
      <Filter>소스 파일\Engine</Filter>
    </ClInclude>
    <ClInclude Include="TestScene.h">
      <Filter>소스 파일\__test</Filter>
    </ClInclude>
    <ClInclude Include="Camera.h">
      <Filter>소스 파일\Framework</Filter>
    </ClInclude>
    <ClInclude Include="VertexBuffer.h">
      <Filter>소스 파일\Graphics</Filter>
    </ClInclude>
    <ClInclude Include="ConstantBuffer.h">
      <Filter>소스 파일\Graphics</Filter>
    </ClInclude>
    <ClInclude Include="IndexBuffer.h">
      <Filter>소스 파일\Graphics</Filter>
    </ClInclude>
    <ClInclude Include="Shader.h">
      <Filter>소스 파일\Graphics</Filter>
    </ClInclude>
    <ClInclude Include="Struct.h">
      <Filter>소스 파일\_headers</Filter>
    </ClInclude>
    <ClInclude Include="Material.h">
      <Filter>소스 파일\Framework\Assimp</Filter>
    </ClInclude>
    <ClInclude Include="Mesh.h">
      <Filter>소스 파일\Framework\Assimp</Filter>
    </ClInclude>
    <ClInclude Include="Model.h">
      <Filter>소스 파일\Framework\Assimp</Filter>
    </ClInclude>
    <ClInclude Include="Node.h">
      <Filter>소스 파일\Framework\Assimp</Filter>
    </ClInclude>
    <ClInclude Include="StaticMesh.h">
      <Filter>소스 파일\Framework\Assimp</Filter>
    </ClInclude>
    <ClInclude Include="Texture.h">
      <Filter>소스 파일\Framework\Assimp</Filter>
    </ClInclude>
    <ClInclude Include="ResourceManager.h">
      <Filter>소스 파일\Engine</Filter>
    </ClInclude>
    <ClInclude Include="PhysicsManager.h">
      <Filter>소스 파일\Engine</Filter>
    </ClInclude>
    <ClInclude Include="Component.h">
      <Filter>소스 파일\Framework\Component</Filter>
    </ClInclude>
    <ClInclude Include="MeshRenderer.h">
      <Filter>소스 파일\Framework\Component</Filter>
    </ClInclude>
    <ClInclude Include="Object.h">
      <Filter>소스 파일\Framework\Object</Filter>
    </ClInclude>
    <ClInclude Include="Collider.h">
      <Filter>소스 파일\Framework\Collider</Filter>
    </ClInclude>
    <ClInclude Include="PhysicsEvent.h">
      <Filter>소스 파일\Engine</Filter>
    </ClInclude>
    <ClInclude Include="BoxCollider.h">
      <Filter>소스 파일\Framework\Collider</Filter>
    </ClInclude>
    <ClInclude Include="Rigidbody.h">
      <Filter>소스 파일\Framework\Collider</Filter>
    </ClInclude>
    <ClInclude Include="PlayerController.h">
      <Filter>소스 파일\Framework\Component</Filter>
    </ClInclude>
    <ClInclude Include="ParticleSystem.h">
      <Filter>소스 파일\Framework\Component</Filter>
    </ClInclude>
    <ClInclude Include="ParticleRenderer.h">
      <Filter>소스 파일\Framework\Component</Filter>
    </ClInclude>
  </ItemGroup>
  <ItemGroup>
    <None Include="Header.hlsli">
      <Filter>소스 파일\__test</Filter>
    </None>
  </ItemGroup>
  <ItemGroup>
    <FxCompile Include="VS.hlsl">
      <Filter>소스 파일\__test</Filter>
    </FxCompile>
    <FxCompile Include="PS.hlsl">
      <Filter>소스 파일\__test</Filter>
    </FxCompile>
    <FxCompile Include="SimpleVS.hlsl">
      <Filter>소스 파일\__test</Filter>
    </FxCompile>
    <FxCompile Include="SimplePS.hlsl">
      <Filter>소스 파일\__test</Filter>
    </FxCompile>
    <FxCompile Include="SimpleGS.hlsl">
      <Filter>소스 파일\__test</Filter>
    </FxCompile>
  </ItemGroup>
</Project>